// !$*UTF8*$!
{
	archiveVersion = 1;
	classes = {
	};
	objectVersion = 50;
	objects = {

/* Begin PBXBuildFile section */
		6099482025D47E6A001254A8 /* AppDelegate.swift in Sources */ = {isa = PBXBuildFile; fileRef = 6099481F25D47E6A001254A8 /* AppDelegate.swift */; };
		6099482225D47E6A001254A8 /* SceneDelegate.swift in Sources */ = {isa = PBXBuildFile; fileRef = 6099482125D47E6A001254A8 /* SceneDelegate.swift */; };
		6099482425D47E6A001254A8 /* ViewController.swift in Sources */ = {isa = PBXBuildFile; fileRef = 6099482325D47E6A001254A8 /* ViewController.swift */; };
		6099482725D47E6A001254A8 /* Main.storyboard in Resources */ = {isa = PBXBuildFile; fileRef = 6099482525D47E6A001254A8 /* Main.storyboard */; };
		6099482925D47E6A001254A8 /* Assets.xcassets in Resources */ = {isa = PBXBuildFile; fileRef = 6099482825D47E6A001254A8 /* Assets.xcassets */; };
		6099482C25D47E6A001254A8 /* LaunchScreen.storyboard in Resources */ = {isa = PBXBuildFile; fileRef = 6099482A25D47E6A001254A8 /* LaunchScreen.storyboard */; };
		6099483725D47E6A001254A8 /* Lab05AbsoluteTests.swift in Sources */ = {isa = PBXBuildFile; fileRef = 6099483625D47E6A001254A8 /* Lab05AbsoluteTests.swift */; };
		6099484225D47E6A001254A8 /* Lab05AbsoluteUITests.swift in Sources */ = {isa = PBXBuildFile; fileRef = 6099484125D47E6A001254A8 /* Lab05AbsoluteUITests.swift */; };
/* End PBXBuildFile section */

/* Begin PBXContainerItemProxy section */
		6099483325D47E6A001254A8 /* PBXContainerItemProxy */ = {
			isa = PBXContainerItemProxy;
			containerPortal = 6099481425D47E6A001254A8 /* Project object */;
			proxyType = 1;
			remoteGlobalIDString = 6099481B25D47E6A001254A8;
			remoteInfo = Lab05Absolute;
		};
		6099483E25D47E6A001254A8 /* PBXContainerItemProxy */ = {
			isa = PBXContainerItemProxy;
			containerPortal = 6099481425D47E6A001254A8 /* Project object */;
			proxyType = 1;
			remoteGlobalIDString = 6099481B25D47E6A001254A8;
			remoteInfo = Lab05Absolute;
		};
/* End PBXContainerItemProxy section */

/* Begin PBXFileReference section */
		6099481C25D47E6A001254A8 /* Lab05Absolute.app */ = {isa = PBXFileReference; explicitFileType = wrapper.application; includeInIndex = 0; path = Lab05Absolute.app; sourceTree = BUILT_PRODUCTS_DIR; };
		6099481F25D47E6A001254A8 /* AppDelegate.swift */ = {isa = PBXFileReference; lastKnownFileType = sourcecode.swift; path = AppDelegate.swift; sourceTree = "<group>"; };
		6099482125D47E6A001254A8 /* SceneDelegate.swift */ = {isa = PBXFileReference; lastKnownFileType = sourcecode.swift; path = SceneDelegate.swift; sourceTree = "<group>"; };
		6099482325D47E6A001254A8 /* ViewController.swift */ = {isa = PBXFileReference; lastKnownFileType = sourcecode.swift; path = ViewController.swift; sourceTree = "<group>"; };
		6099482625D47E6A001254A8 /* Base */ = {isa = PBXFileReference; lastKnownFileType = file.storyboard; name = Base; path = Base.lproj/Main.storyboard; sourceTree = "<group>"; };
		6099482825D47E6A001254A8 /* Assets.xcassets */ = {isa = PBXFileReference; lastKnownFileType = folder.assetcatalog; path = Assets.xcassets; sourceTree = "<group>"; };
		6099482B25D47E6A001254A8 /* Base */ = {isa = PBXFileReference; lastKnownFileType = file.storyboard; name = Base; path = Base.lproj/LaunchScreen.storyboard; sourceTree = "<group>"; };
		6099482D25D47E6A001254A8 /* Info.plist */ = {isa = PBXFileReference; lastKnownFileType = text.plist.xml; path = Info.plist; sourceTree = "<group>"; };
		6099483225D47E6A001254A8 /* Lab05AbsoluteTests.xctest */ = {isa = PBXFileReference; explicitFileType = wrapper.cfbundle; includeInIndex = 0; path = Lab05AbsoluteTests.xctest; sourceTree = BUILT_PRODUCTS_DIR; };
		6099483625D47E6A001254A8 /* Lab05AbsoluteTests.swift */ = {isa = PBXFileReference; lastKnownFileType = sourcecode.swift; path = Lab05AbsoluteTests.swift; sourceTree = "<group>"; };
		6099483825D47E6A001254A8 /* Info.plist */ = {isa = PBXFileReference; lastKnownFileType = text.plist.xml; path = Info.plist; sourceTree = "<group>"; };
		6099483D25D47E6A001254A8 /* Lab05AbsoluteUITests.xctest */ = {isa = PBXFileReference; explicitFileType = wrapper.cfbundle; includeInIndex = 0; path = Lab05AbsoluteUITests.xctest; sourceTree = BUILT_PRODUCTS_DIR; };
		6099484125D47E6A001254A8 /* Lab05AbsoluteUITests.swift */ = {isa = PBXFileReference; lastKnownFileType = sourcecode.swift; path = Lab05AbsoluteUITests.swift; sourceTree = "<group>"; };
		6099484325D47E6A001254A8 /* Info.plist */ = {isa = PBXFileReference; lastKnownFileType = text.plist.xml; path = Info.plist; sourceTree = "<group>"; };
/* End PBXFileReference section */

/* Begin PBXFrameworksBuildPhase section */
		6099481925D47E6A001254A8 /* Frameworks */ = {
			isa = PBXFrameworksBuildPhase;
			buildActionMask = 2147483647;
			files = (
			);
			runOnlyForDeploymentPostprocessing = 0;
		};
		6099482F25D47E6A001254A8 /* Frameworks */ = {
			isa = PBXFrameworksBuildPhase;
			buildActionMask = 2147483647;
			files = (
			);
			runOnlyForDeploymentPostprocessing = 0;
		};
		6099483A25D47E6A001254A8 /* Frameworks */ = {
			isa = PBXFrameworksBuildPhase;
			buildActionMask = 2147483647;
			files = (
			);
			runOnlyForDeploymentPostprocessing = 0;
		};
/* End PBXFrameworksBuildPhase section */

/* Begin PBXGroup section */
		6099481325D47E6A001254A8 = {
			isa = PBXGroup;
			children = (
				6099481E25D47E6A001254A8 /* Lab05Absolute */,
				6099483525D47E6A001254A8 /* Lab05AbsoluteTests */,
				6099484025D47E6A001254A8 /* Lab05AbsoluteUITests */,
				6099481D25D47E6A001254A8 /* Products */,
			);
			sourceTree = "<group>";
		};
		6099481D25D47E6A001254A8 /* Products */ = {
			isa = PBXGroup;
			children = (
				6099481C25D47E6A001254A8 /* Lab05Absolute.app */,
				6099483225D47E6A001254A8 /* Lab05AbsoluteTests.xctest */,
				6099483D25D47E6A001254A8 /* Lab05AbsoluteUITests.xctest */,
			);
			name = Products;
			sourceTree = "<group>";
		};
		6099481E25D47E6A001254A8 /* Lab05Absolute */ = {
			isa = PBXGroup;
			children = (
				6099481F25D47E6A001254A8 /* AppDelegate.swift */,
				6099482125D47E6A001254A8 /* SceneDelegate.swift */,
				6099482325D47E6A001254A8 /* ViewController.swift */,
				6099482525D47E6A001254A8 /* Main.storyboard */,
				6099482825D47E6A001254A8 /* Assets.xcassets */,
				6099482A25D47E6A001254A8 /* LaunchScreen.storyboard */,
				6099482D25D47E6A001254A8 /* Info.plist */,
			);
			path = Lab05Absolute;
			sourceTree = "<group>";
		};
		6099483525D47E6A001254A8 /* Lab05AbsoluteTests */ = {
			isa = PBXGroup;
			children = (
				6099483625D47E6A001254A8 /* Lab05AbsoluteTests.swift */,
				6099483825D47E6A001254A8 /* Info.plist */,
			);
			path = Lab05AbsoluteTests;
			sourceTree = "<group>";
		};
		6099484025D47E6A001254A8 /* Lab05AbsoluteUITests */ = {
			isa = PBXGroup;
			children = (
				6099484125D47E6A001254A8 /* Lab05AbsoluteUITests.swift */,
				6099484325D47E6A001254A8 /* Info.plist */,
			);
			path = Lab05AbsoluteUITests;
			sourceTree = "<group>";
		};
/* End PBXGroup section */

/* Begin PBXNativeTarget section */
		6099481B25D47E6A001254A8 /* Lab05Absolute */ = {
			isa = PBXNativeTarget;
			buildConfigurationList = 6099484625D47E6A001254A8 /* Build configuration list for PBXNativeTarget "Lab05Absolute" */;
			buildPhases = (
				6099481825D47E6A001254A8 /* Sources */,
				6099481925D47E6A001254A8 /* Frameworks */,
				6099481A25D47E6A001254A8 /* Resources */,
			);
			buildRules = (
			);
			dependencies = (
			);
			name = Lab05Absolute;
			productName = Lab05Absolute;
			productReference = 6099481C25D47E6A001254A8 /* Lab05Absolute.app */;
			productType = "com.apple.product-type.application";
		};
		6099483125D47E6A001254A8 /* Lab05AbsoluteTests */ = {
			isa = PBXNativeTarget;
			buildConfigurationList = 6099484925D47E6A001254A8 /* Build configuration list for PBXNativeTarget "Lab05AbsoluteTests" */;
			buildPhases = (
				6099482E25D47E6A001254A8 /* Sources */,
				6099482F25D47E6A001254A8 /* Frameworks */,
				6099483025D47E6A001254A8 /* Resources */,
			);
			buildRules = (
			);
			dependencies = (
				6099483425D47E6A001254A8 /* PBXTargetDependency */,
			);
			name = Lab05AbsoluteTests;
			productName = Lab05AbsoluteTests;
			productReference = 6099483225D47E6A001254A8 /* Lab05AbsoluteTests.xctest */;
			productType = "com.apple.product-type.bundle.unit-test";
		};
		6099483C25D47E6A001254A8 /* Lab05AbsoluteUITests */ = {
			isa = PBXNativeTarget;
			buildConfigurationList = 6099484C25D47E6A001254A8 /* Build configuration list for PBXNativeTarget "Lab05AbsoluteUITests" */;
			buildPhases = (
				6099483925D47E6A001254A8 /* Sources */,
				6099483A25D47E6A001254A8 /* Frameworks */,
				6099483B25D47E6A001254A8 /* Resources */,
			);
			buildRules = (
			);
			dependencies = (
				6099483F25D47E6A001254A8 /* PBXTargetDependency */,
			);
			name = Lab05AbsoluteUITests;
			productName = Lab05AbsoluteUITests;
			productReference = 6099483D25D47E6A001254A8 /* Lab05AbsoluteUITests.xctest */;
			productType = "com.apple.product-type.bundle.ui-testing";
		};
/* End PBXNativeTarget section */

/* Begin PBXProject section */
		6099481425D47E6A001254A8 /* Project object */ = {
			isa = PBXProject;
			attributes = {
				LastSwiftUpdateCheck = 1220;
				LastUpgradeCheck = 1220;
				TargetAttributes = {
					6099481B25D47E6A001254A8 = {
						CreatedOnToolsVersion = 12.2;
					};
					6099483125D47E6A001254A8 = {
						CreatedOnToolsVersion = 12.2;
						TestTargetID = 6099481B25D47E6A001254A8;
					};
					6099483C25D47E6A001254A8 = {
						CreatedOnToolsVersion = 12.2;
						TestTargetID = 6099481B25D47E6A001254A8;
					};
				};
			};
			buildConfigurationList = 6099481725D47E6A001254A8 /* Build configuration list for PBXProject "Lab05Absolute" */;
			compatibilityVersion = "Xcode 9.3";
			developmentRegion = en;
			hasScannedForEncodings = 0;
			knownRegions = (
				en,
				Base,
			);
			mainGroup = 6099481325D47E6A001254A8;
			productRefGroup = 6099481D25D47E6A001254A8 /* Products */;
			projectDirPath = "";
			projectRoot = "";
			targets = (
				6099481B25D47E6A001254A8 /* Lab05Absolute */,
				6099483125D47E6A001254A8 /* Lab05AbsoluteTests */,
				6099483C25D47E6A001254A8 /* Lab05AbsoluteUITests */,
			);
		};
/* End PBXProject section */

/* Begin PBXResourcesBuildPhase section */
		6099481A25D47E6A001254A8 /* Resources */ = {
			isa = PBXResourcesBuildPhase;
			buildActionMask = 2147483647;
			files = (
				6099482C25D47E6A001254A8 /* LaunchScreen.storyboard in Resources */,
				6099482925D47E6A001254A8 /* Assets.xcassets in Resources */,
				6099482725D47E6A001254A8 /* Main.storyboard in Resources */,
			);
			runOnlyForDeploymentPostprocessing = 0;
		};
		6099483025D47E6A001254A8 /* Resources */ = {
			isa = PBXResourcesBuildPhase;
			buildActionMask = 2147483647;
			files = (
			);
			runOnlyForDeploymentPostprocessing = 0;
		};
		6099483B25D47E6A001254A8 /* Resources */ = {
			isa = PBXResourcesBuildPhase;
			buildActionMask = 2147483647;
			files = (
			);
			runOnlyForDeploymentPostprocessing = 0;
		};
/* End PBXResourcesBuildPhase section */

/* Begin PBXSourcesBuildPhase section */
		6099481825D47E6A001254A8 /* Sources */ = {
			isa = PBXSourcesBuildPhase;
			buildActionMask = 2147483647;
			files = (
				6099482425D47E6A001254A8 /* ViewController.swift in Sources */,
				6099482025D47E6A001254A8 /* AppDelegate.swift in Sources */,
				6099482225D47E6A001254A8 /* SceneDelegate.swift in Sources */,
			);
			runOnlyForDeploymentPostprocessing = 0;
		};
		6099482E25D47E6A001254A8 /* Sources */ = {
			isa = PBXSourcesBuildPhase;
			buildActionMask = 2147483647;
			files = (
				6099483725D47E6A001254A8 /* Lab05AbsoluteTests.swift in Sources */,
			);
			runOnlyForDeploymentPostprocessing = 0;
		};
		6099483925D47E6A001254A8 /* Sources */ = {
			isa = PBXSourcesBuildPhase;
			buildActionMask = 2147483647;
			files = (
				6099484225D47E6A001254A8 /* Lab05AbsoluteUITests.swift in Sources */,
			);
			runOnlyForDeploymentPostprocessing = 0;
		};
/* End PBXSourcesBuildPhase section */

/* Begin PBXTargetDependency section */
		6099483425D47E6A001254A8 /* PBXTargetDependency */ = {
			isa = PBXTargetDependency;
			target = 6099481B25D47E6A001254A8 /* Lab05Absolute */;
			targetProxy = 6099483325D47E6A001254A8 /* PBXContainerItemProxy */;
		};
		6099483F25D47E6A001254A8 /* PBXTargetDependency */ = {
			isa = PBXTargetDependency;
			target = 6099481B25D47E6A001254A8 /* Lab05Absolute */;
			targetProxy = 6099483E25D47E6A001254A8 /* PBXContainerItemProxy */;
		};
/* End PBXTargetDependency section */

/* Begin PBXVariantGroup section */
		6099482525D47E6A001254A8 /* Main.storyboard */ = {
			isa = PBXVariantGroup;
			children = (
				6099482625D47E6A001254A8 /* Base */,
			);
			name = Main.storyboard;
			sourceTree = "<group>";
		};
		6099482A25D47E6A001254A8 /* LaunchScreen.storyboard */ = {
			isa = PBXVariantGroup;
			children = (
				6099482B25D47E6A001254A8 /* Base */,
			);
			name = LaunchScreen.storyboard;
			sourceTree = "<group>";
		};
/* End PBXVariantGroup section */

/* Begin XCBuildConfiguration section */
		6099484425D47E6A001254A8 /* Debug */ = {
			isa = XCBuildConfiguration;
			buildSettings = {
				ALWAYS_SEARCH_USER_PATHS = NO;
				CLANG_ANALYZER_NONNULL = YES;
				CLANG_ANALYZER_NUMBER_OBJECT_CONVERSION = YES_AGGRESSIVE;
				CLANG_CXX_LANGUAGE_STANDARD = "gnu++14";
				CLANG_CXX_LIBRARY = "libc++";
				CLANG_ENABLE_MODULES = YES;
				CLANG_ENABLE_OBJC_ARC = YES;
				CLANG_ENABLE_OBJC_WEAK = YES;
				CLANG_WARN_BLOCK_CAPTURE_AUTORELEASING = YES;
				CLANG_WARN_BOOL_CONVERSION = YES;
				CLANG_WARN_COMMA = YES;
				CLANG_WARN_CONSTANT_CONVERSION = YES;
				CLANG_WARN_DEPRECATED_OBJC_IMPLEMENTATIONS = YES;
				CLANG_WARN_DIRECT_OBJC_ISA_USAGE = YES_ERROR;
				CLANG_WARN_DOCUMENTATION_COMMENTS = YES;
				CLANG_WARN_EMPTY_BODY = YES;
				CLANG_WARN_ENUM_CONVERSION = YES;
				CLANG_WARN_INFINITE_RECURSION = YES;
				CLANG_WARN_INT_CONVERSION = YES;
				CLANG_WARN_NON_LITERAL_NULL_CONVERSION = YES;
				CLANG_WARN_OBJC_IMPLICIT_RETAIN_SELF = YES;
				CLANG_WARN_OBJC_LITERAL_CONVERSION = YES;
				CLANG_WARN_OBJC_ROOT_CLASS = YES_ERROR;
				CLANG_WARN_QUOTED_INCLUDE_IN_FRAMEWORK_HEADER = YES;
				CLANG_WARN_RANGE_LOOP_ANALYSIS = YES;
				CLANG_WARN_STRICT_PROTOTYPES = YES;
				CLANG_WARN_SUSPICIOUS_MOVE = YES;
				CLANG_WARN_UNGUARDED_AVAILABILITY = YES_AGGRESSIVE;
				CLANG_WARN_UNREACHABLE_CODE = YES;
				CLANG_WARN__DUPLICATE_METHOD_MATCH = YES;
				COPY_PHASE_STRIP = NO;
				DEBUG_INFORMATION_FORMAT = dwarf;
				ENABLE_STRICT_OBJC_MSGSEND = YES;
				ENABLE_TESTABILITY = YES;
				GCC_C_LANGUAGE_STANDARD = gnu11;
				GCC_DYNAMIC_NO_PIC = NO;
				GCC_NO_COMMON_BLOCKS = YES;
				GCC_OPTIMIZATION_LEVEL = 0;
				GCC_PREPROCESSOR_DEFINITIONS = (
					"DEBUG=1",
					"$(inherited)",
				);
				GCC_WARN_64_TO_32_BIT_CONVERSION = YES;
				GCC_WARN_ABOUT_RETURN_TYPE = YES_ERROR;
				GCC_WARN_UNDECLARED_SELECTOR = YES;
				GCC_WARN_UNINITIALIZED_AUTOS = YES_AGGRESSIVE;
				GCC_WARN_UNUSED_FUNCTION = YES;
				GCC_WARN_UNUSED_VARIABLE = YES;
				IPHONEOS_DEPLOYMENT_TARGET = 14.2;
				MTL_ENABLE_DEBUG_INFO = INCLUDE_SOURCE;
				MTL_FAST_MATH = YES;
				ONLY_ACTIVE_ARCH = YES;
				SDKROOT = iphoneos;
				SWIFT_ACTIVE_COMPILATION_CONDITIONS = DEBUG;
				SWIFT_OPTIMIZATION_LEVEL = "-Onone";
			};
			name = Debug;
		};
		6099484525D47E6A001254A8 /* Release */ = {
			isa = XCBuildConfiguration;
			buildSettings = {
				ALWAYS_SEARCH_USER_PATHS = NO;
				CLANG_ANALYZER_NONNULL = YES;
				CLANG_ANALYZER_NUMBER_OBJECT_CONVERSION = YES_AGGRESSIVE;
				CLANG_CXX_LANGUAGE_STANDARD = "gnu++14";
				CLANG_CXX_LIBRARY = "libc++";
				CLANG_ENABLE_MODULES = YES;
				CLANG_ENABLE_OBJC_ARC = YES;
				CLANG_ENABLE_OBJC_WEAK = YES;
				CLANG_WARN_BLOCK_CAPTURE_AUTORELEASING = YES;
				CLANG_WARN_BOOL_CONVERSION = YES;
				CLANG_WARN_COMMA = YES;
				CLANG_WARN_CONSTANT_CONVERSION = YES;
				CLANG_WARN_DEPRECATED_OBJC_IMPLEMENTATIONS = YES;
				CLANG_WARN_DIRECT_OBJC_ISA_USAGE = YES_ERROR;
				CLANG_WARN_DOCUMENTATION_COMMENTS = YES;
				CLANG_WARN_EMPTY_BODY = YES;
				CLANG_WARN_ENUM_CONVERSION = YES;
				CLANG_WARN_INFINITE_RECURSION = YES;
				CLANG_WARN_INT_CONVERSION = YES;
				CLANG_WARN_NON_LITERAL_NULL_CONVERSION = YES;
				CLANG_WARN_OBJC_IMPLICIT_RETAIN_SELF = YES;
				CLANG_WARN_OBJC_LITERAL_CONVERSION = YES;
				CLANG_WARN_OBJC_ROOT_CLASS = YES_ERROR;
				CLANG_WARN_QUOTED_INCLUDE_IN_FRAMEWORK_HEADER = YES;
				CLANG_WARN_RANGE_LOOP_ANALYSIS = YES;
				CLANG_WARN_STRICT_PROTOTYPES = YES;
				CLANG_WARN_SUSPICIOUS_MOVE = YES;
				CLANG_WARN_UNGUARDED_AVAILABILITY = YES_AGGRESSIVE;
				CLANG_WARN_UNREACHABLE_CODE = YES;
				CLANG_WARN__DUPLICATE_METHOD_MATCH = YES;
				COPY_PHASE_STRIP = NO;
				DEBUG_INFORMATION_FORMAT = "dwarf-with-dsym";
				ENABLE_NS_ASSERTIONS = NO;
				ENABLE_STRICT_OBJC_MSGSEND = YES;
				GCC_C_LANGUAGE_STANDARD = gnu11;
				GCC_NO_COMMON_BLOCKS = YES;
				GCC_WARN_64_TO_32_BIT_CONVERSION = YES;
				GCC_WARN_ABOUT_RETURN_TYPE = YES_ERROR;
				GCC_WARN_UNDECLARED_SELECTOR = YES;
				GCC_WARN_UNINITIALIZED_AUTOS = YES_AGGRESSIVE;
				GCC_WARN_UNUSED_FUNCTION = YES;
				GCC_WARN_UNUSED_VARIABLE = YES;
				IPHONEOS_DEPLOYMENT_TARGET = 14.2;
				MTL_ENABLE_DEBUG_INFO = NO;
				MTL_FAST_MATH = YES;
				SDKROOT = iphoneos;
				SWIFT_COMPILATION_MODE = wholemodule;
				SWIFT_OPTIMIZATION_LEVEL = "-O";
				VALIDATE_PRODUCT = YES;
			};
			name = Release;
		};
		6099484725D47E6A001254A8 /* Debug */ = {
			isa = XCBuildConfiguration;
			buildSettings = {
				ASSETCATALOG_COMPILER_APPICON_NAME = AppIcon;
				ASSETCATALOG_COMPILER_GLOBAL_ACCENT_COLOR_NAME = AccentColor;
				CODE_SIGN_STYLE = Automatic;
				DEVELOPMENT_TEAM = DPXAJY4DS9;
				INFOPLIST_FILE = Lab05Absolute/Info.plist;
				LD_RUNPATH_SEARCH_PATHS = (
					"$(inherited)",
					"@executable_path/Frameworks",
				);
				PRODUCT_BUNDLE_IDENTIFIER = edu.athens.Lab05Absolute;
				PRODUCT_NAME = "$(TARGET_NAME)";
				SWIFT_VERSION = 5.0;
				TARGETED_DEVICE_FAMILY = "1,2";
			};
			name = Debug;
		};
		6099484825D47E6A001254A8 /* Release */ = {
			isa = XCBuildConfiguration;
			buildSettings = {
				ASSETCATALOG_COMPILER_APPICON_NAME = AppIcon;
				ASSETCATALOG_COMPILER_GLOBAL_ACCENT_COLOR_NAME = AccentColor;
				CODE_SIGN_STYLE = Automatic;
				DEVELOPMENT_TEAM = DPXAJY4DS9;
				INFOPLIST_FILE = Lab05Absolute/Info.plist;
				LD_RUNPATH_SEARCH_PATHS = (
					"$(inherited)",
					"@executable_path/Frameworks",
				);
				PRODUCT_BUNDLE_IDENTIFIER = edu.athens.Lab05Absolute;
				PRODUCT_NAME = "$(TARGET_NAME)";
				SWIFT_VERSION = 5.0;
				TARGETED_DEVICE_FAMILY = "1,2";
			};
			name = Release;
		};
		6099484A25D47E6A001254A8 /* Debug */ = {
			isa = XCBuildConfiguration;
			buildSettings = {
				ALWAYS_EMBED_SWIFT_STANDARD_LIBRARIES = YES;
				BUNDLE_LOADER = "$(TEST_HOST)";
				CODE_SIGN_STYLE = Automatic;
				INFOPLIST_FILE = Lab05AbsoluteTests/Info.plist;
				IPHONEOS_DEPLOYMENT_TARGET = 14.2;
				LD_RUNPATH_SEARCH_PATHS = (
					"$(inherited)",
					"@executable_path/Frameworks",
					"@loader_path/Frameworks",
				);
				PRODUCT_BUNDLE_IDENTIFIER = edu.athens.Lab05AbsoluteTests;
				PRODUCT_NAME = "$(TARGET_NAME)";
				SWIFT_VERSION = 5.0;
				TARGETED_DEVICE_FAMILY = "1,2";
				TEST_HOST = "$(BUILT_PRODUCTS_DIR)/Lab05Absolute.app/Lab05Absolute";
			};
			name = Debug;
		};
		6099484B25D47E6A001254A8 /* Release */ = {
			isa = XCBuildConfiguration;
			buildSettings = {
				ALWAYS_EMBED_SWIFT_STANDARD_LIBRARIES = YES;
				BUNDLE_LOADER = "$(TEST_HOST)";
				CODE_SIGN_STYLE = Automatic;
				INFOPLIST_FILE = Lab05AbsoluteTests/Info.plist;
				IPHONEOS_DEPLOYMENT_TARGET = 14.2;
				LD_RUNPATH_SEARCH_PATHS = (
					"$(inherited)",
					"@executable_path/Frameworks",
					"@loader_path/Frameworks",
				);
				PRODUCT_BUNDLE_IDENTIFIER = edu.athens.Lab05AbsoluteTests;
				PRODUCT_NAME = "$(TARGET_NAME)";
				SWIFT_VERSION = 5.0;
				TARGETED_DEVICE_FAMILY = "1,2";
				TEST_HOST = "$(BUILT_PRODUCTS_DIR)/Lab05Absolute.app/Lab05Absolute";
			};
			name = Release;
		};
		6099484D25D47E6A001254A8 /* Debug */ = {
			isa = XCBuildConfiguration;
			buildSettings = {
				ALWAYS_EMBED_SWIFT_STANDARD_LIBRARIES = YES;
				CODE_SIGN_STYLE = Automatic;
				INFOPLIST_FILE = Lab05AbsoluteUITests/Info.plist;
				LD_RUNPATH_SEARCH_PATHS = (
					"$(inherited)",
					"@executable_path/Frameworks",
					"@loader_path/Frameworks",
				);
				PRODUCT_BUNDLE_IDENTIFIER = edu.athens.Lab05AbsoluteUITests;
				PRODUCT_NAME = "$(TARGET_NAME)";
				SWIFT_VERSION = 5.0;
				TARGETED_DEVICE_FAMILY = "1,2";
				TEST_TARGET_NAME = Lab05Absolute;
			};
			name = Debug;
		};
		6099484E25D47E6A001254A8 /* Release */ = {
			isa = XCBuildConfiguration;
			buildSettings = {
				ALWAYS_EMBED_SWIFT_STANDARD_LIBRARIES = YES;
				CODE_SIGN_STYLE = Automatic;
				INFOPLIST_FILE = Lab05AbsoluteUITests/Info.plist;
				LD_RUNPATH_SEARCH_PATHS = (
					"$(inherited)",
					"@executable_path/Frameworks",
					"@loader_path/Frameworks",
				);
				PRODUCT_BUNDLE_IDENTIFIER = edu.athens.Lab05AbsoluteUITests;
				PRODUCT_NAME = "$(TARGET_NAME)";
				SWIFT_VERSION = 5.0;
				TARGETED_DEVICE_FAMILY = "1,2";
				TEST_TARGET_NAME = Lab05Absolute;
			};
			name = Release;
		};
/* End XCBuildConfiguration section */

/* Begin XCConfigurationList section */
		6099481725D47E6A001254A8 /* Build configuration list for PBXProject "Lab05Absolute" */ = {
			isa = XCConfigurationList;
			buildConfigurations = (
				6099484425D47E6A001254A8 /* Debug */,
				6099484525D47E6A001254A8 /* Release */,
			);
			defaultConfigurationIsVisible = 0;
			defaultConfigurationName = Release;
		};
		6099484625D47E6A001254A8 /* Build configuration list for PBXNativeTarget "Lab05Absolute" */ = {
			isa = XCConfigurationList;
			buildConfigurations = (
				6099484725D47E6A001254A8 /* Debug */,
				6099484825D47E6A001254A8 /* Release */,
			);
			defaultConfigurationIsVisible = 0;
			defaultConfigurationName = Release;
		};
		6099484925D47E6A001254A8 /* Build configuration list for PBXNativeTarget "Lab05AbsoluteTests" */ = {
			isa = XCConfigurationList;
			buildConfigurations = (
				6099484A25D47E6A001254A8 /* Debug */,
				6099484B25D47E6A001254A8 /* Release */,
			);
			defaultConfigurationIsVisible = 0;
			defaultConfigurationName = Release;
		};
		6099484C25D47E6A001254A8 /* Build configuration list for PBXNativeTarget "Lab05AbsoluteUITests" */ = {
			isa = XCConfigurationList;
			buildConfigurations = (
				6099484D25D47E6A001254A8 /* Debug */,
				6099484E25D47E6A001254A8 /* Release */,
			);
			defaultConfigurationIsVisible = 0;
			defaultConfigurationName = Release;
		};
/* End XCConfigurationList section */
	};
	rootObject = 6099481425D47E6A001254A8 /* Project object */;
}
